// !$*UTF8*$!
{
	archiveVersion = 1;
	classes = {
	};
	objectVersion = 55;
	objects = {

/* Begin PBXBuildFile section */
		1D01CEF4289CA0E2004ED83D /* CameraView.swift in Sources */ = {isa = PBXBuildFile; fileRef = 1D01CEF3289CA0E2004ED83D /* CameraView.swift */; };
		1D01CEF6289CA119004ED83D /* CameraViewModel.swift in Sources */ = {isa = PBXBuildFile; fileRef = 1D01CEF5289CA119004ED83D /* CameraViewModel.swift */; };
		1D0BF32828A010810075768F /* ScenePauseCam.swift in Sources */ = {isa = PBXBuildFile; fileRef = 1D0BF32728A010810075768F /* ScenePauseCam.swift */; };
		1D0BF32A28A011CE0075768F /* CameraControlsView.swift in Sources */ = {isa = PBXBuildFile; fileRef = 1D0BF32928A011CE0075768F /* CameraControlsView.swift */; };
		1D21662228A08B670044D24B /* if.swift in Sources */ = {isa = PBXBuildFile; fileRef = 1D21662128A08B670044D24B /* if.swift */; };
		1D21662428A09A8F0044D24B /* Space.swift in Sources */ = {isa = PBXBuildFile; fileRef = 1D21662328A09A8F0044D24B /* Space.swift */; };
		1D3735C6289C6AE20076EF38 /* PCamApp.swift in Sources */ = {isa = PBXBuildFile; fileRef = 1D3735C5289C6AE20076EF38 /* PCamApp.swift */; };
		1D3735C8289C6AE20076EF38 /* MainAppView.swift in Sources */ = {isa = PBXBuildFile; fileRef = 1D3735C7289C6AE20076EF38 /* MainAppView.swift */; };
		1D3735CA289C6AE40076EF38 /* Assets.xcassets in Resources */ = {isa = PBXBuildFile; fileRef = 1D3735C9289C6AE40076EF38 /* Assets.xcassets */; };
		1D3735CD289C6AE40076EF38 /* Preview Assets.xcassets in Resources */ = {isa = PBXBuildFile; fileRef = 1D3735CC289C6AE40076EF38 /* Preview Assets.xcassets */; };
		1D3735D7289C6AE40076EF38 /* PCamTests.swift in Sources */ = {isa = PBXBuildFile; fileRef = 1D3735D6289C6AE40076EF38 /* PCamTests.swift */; };
		1D3735E1289C6AE40076EF38 /* PCamUITests.swift in Sources */ = {isa = PBXBuildFile; fileRef = 1D3735E0289C6AE40076EF38 /* PCamUITests.swift */; };
		1D3735E3289C6AE40076EF38 /* PCamUITestsLaunchTests.swift in Sources */ = {isa = PBXBuildFile; fileRef = 1D3735E2289C6AE40076EF38 /* PCamUITestsLaunchTests.swift */; };
		1D61CCCA289D768300044AA2 /* BoundsSlider.swift in Sources */ = {isa = PBXBuildFile; fileRef = 1D61CCC9289D768300044AA2 /* BoundsSlider.swift */; };
		1D61CCCC289DE2EB00044AA2 /* PublishedExt.swift in Sources */ = {isa = PBXBuildFile; fileRef = 1D61CCCB289DE2EB00044AA2 /* PublishedExt.swift */; };
		1D61CCCF289DE5D400044AA2 /* ColorExt.swift in Sources */ = {isa = PBXBuildFile; fileRef = 1D61CCCE289DE5D400044AA2 /* ColorExt.swift */; };
		1D61CCD1289DFA9E00044AA2 /* Controlls.swift in Sources */ = {isa = PBXBuildFile; fileRef = 1D61CCD0289DFA9E00044AA2 /* Controlls.swift */; };
		1D61CCD3289DFDF900044AA2 /* VideoPreview.swift in Sources */ = {isa = PBXBuildFile; fileRef = 1D61CCD2289DFDF900044AA2 /* VideoPreview.swift */; };
		1D95CB6C289CBF5A000557E5 /* SceneTelepromterVideoCam.swift in Sources */ = {isa = PBXBuildFile; fileRef = 1D95CB6B289CBF5A000557E5 /* SceneTelepromterVideoCam.swift */; };
		1D95CB71289D454B000557E5 /* Introspect in Frameworks */ = {isa = PBXBuildFile; productRef = 1D95CB70289D454B000557E5 /* Introspect */; };
		1DA39BC0289F34790098C7BB /* Localizable.strings in Resources */ = {isa = PBXBuildFile; fileRef = 1DA39BBE289F34790098C7BB /* Localizable.strings */; };
		1DA39BC4289F34EF0098C7BB /* Localizable.strings in Resources */ = {isa = PBXBuildFile; fileRef = 1DA39BC2289F34EF0098C7BB /* Localizable.strings */; };
		1DA39BC8289F350C0098C7BB /* Localizable.strings in Resources */ = {isa = PBXBuildFile; fileRef = 1DA39BC6289F350C0098C7BB /* Localizable.strings */; };
		1DA39BCC289F358E0098C7BB /* Localizable.strings in Resources */ = {isa = PBXBuildFile; fileRef = 1DA39BCA289F358E0098C7BB /* Localizable.strings */; };
		1DA39BD0289F35B60098C7BB /* Localizable.strings in Resources */ = {isa = PBXBuildFile; fileRef = 1DA39BCE289F35B60098C7BB /* Localizable.strings */; };
		1DA39BD4289F36F10098C7BB /* Localizable.strings in Resources */ = {isa = PBXBuildFile; fileRef = 1DA39BD2289F36F10098C7BB /* Localizable.strings */; };
		1DA39BD8289F3E350098C7BB /* PopoverButt.swift in Sources */ = {isa = PBXBuildFile; fileRef = 1DA39BD7289F3E350098C7BB /* PopoverButt.swift */; };
		1DA39BDA289F3E6A0098C7BB /* HelpButt.swift in Sources */ = {isa = PBXBuildFile; fileRef = 1DA39BD9289F3E6A0098C7BB /* HelpButt.swift */; };
		1DA39BDC289F66CD0098C7BB /* HeaderBgLine.swift in Sources */ = {isa = PBXBuildFile; fileRef = 1DA39BDB289F66CD0098C7BB /* HeaderBgLine.swift */; };
		1DA39BDE289F875C0098C7BB /* VideoGridView.swift in Sources */ = {isa = PBXBuildFile; fileRef = 1DA39BDD289F875C0098C7BB /* VideoGridView.swift */; };
		1DDC26B5289E576C0056ADED /* ToDo.swift in Sources */ = {isa = PBXBuildFile; fileRef = 1DDC26B4289E576C0056ADED /* ToDo.swift */; };
		1DDC26BA289EF0240056ADED /* MainMenuView.swift in Sources */ = {isa = PBXBuildFile; fileRef = 1DDC26B9289EF0240056ADED /* MainMenuView.swift */; };
		1DDC26BC289EF3130056ADED /* SceneTeleprompter.swift in Sources */ = {isa = PBXBuildFile; fileRef = 1DDC26BB289EF3130056ADED /* SceneTeleprompter.swift */; };
		1DDC26BE289EF4020056ADED /* TeleprompterSettingsView.swift in Sources */ = {isa = PBXBuildFile; fileRef = 1DDC26BD289EF4020056ADED /* TeleprompterSettingsView.swift */; };
		1DDC26C3289F15910056ADED /* fillParent.swift in Sources */ = {isa = PBXBuildFile; fileRef = 1DDC26C2289F15910056ADED /* fillParent.swift */; };
		1DDC26C5289F24B30056ADED /* KeyboardHelper.swift in Sources */ = {isa = PBXBuildFile; fileRef = 1DDC26C4289F24B30056ADED /* KeyboardHelper.swift */; };
		1DDC26CD289F34350056ADED /* Localizable.strings in Resources */ = {isa = PBXBuildFile; fileRef = 1DDC26CB289F34350056ADED /* Localizable.strings */; };
		1DDD318D289E120B00FB4E22 /* TouchView.swift in Sources */ = {isa = PBXBuildFile; fileRef = 1DDD318C289E120B00FB4E22 /* TouchView.swift */; };
		1DDD3190289E124900FB4E22 /* Configuration.swift in Sources */ = {isa = PBXBuildFile; fileRef = 1DDD318F289E124900FB4E22 /* Configuration.swift */; };
		1DDD3192289E12D600FB4E22 /* Visualiser.swift in Sources */ = {isa = PBXBuildFile; fileRef = 1DDD3191289E12D600FB4E22 /* Visualiser.swift */; };
		1DDD3194289E131500FB4E22 /* UIWindow+Swizzle.swift in Sources */ = {isa = PBXBuildFile; fileRef = 1DDD3193289E131500FB4E22 /* UIWindow+Swizzle.swift */; };
		1DDD3197289E143800FB4E22 /* Globals.swift in Sources */ = {isa = PBXBuildFile; fileRef = 1DDD3196289E143800FB4E22 /* Globals.swift */; };
		1DDD319B289E14A800FB4E22 /* Teleprompter.swift in Sources */ = {isa = PBXBuildFile; fileRef = 1DDD319A289E14A800FB4E22 /* Teleprompter.swift */; };
		1DDD319D289E14B900FB4E22 /* TeleprompterViewModel.swift in Sources */ = {isa = PBXBuildFile; fileRef = 1DDD319C289E14B900FB4E22 /* TeleprompterViewModel.swift */; };
/* End PBXBuildFile section */

/* Begin PBXContainerItemProxy section */
		1D3735D3289C6AE40076EF38 /* PBXContainerItemProxy */ = {
			isa = PBXContainerItemProxy;
			containerPortal = 1D3735BA289C6AE20076EF38 /* Project object */;
			proxyType = 1;
			remoteGlobalIDString = 1D3735C1289C6AE20076EF38;
			remoteInfo = PCam;
		};
		1D3735DD289C6AE40076EF38 /* PBXContainerItemProxy */ = {
			isa = PBXContainerItemProxy;
			containerPortal = 1D3735BA289C6AE20076EF38 /* Project object */;
			proxyType = 1;
			remoteGlobalIDString = 1D3735C1289C6AE20076EF38;
			remoteInfo = PCam;
		};
/* End PBXContainerItemProxy section */

/* Begin PBXCopyFilesBuildPhase section */
		1D3735FF289C71810076EF38 /* Embed Frameworks */ = {
			isa = PBXCopyFilesBuildPhase;
			buildActionMask = 2147483647;
			dstPath = "";
			dstSubfolderSpec = 10;
			files = (
			);
			name = "Embed Frameworks";
			runOnlyForDeploymentPostprocessing = 0;
		};
/* End PBXCopyFilesBuildPhase section */

/* Begin PBXFileReference section */
		1D01CEF3289CA0E2004ED83D /* CameraView.swift */ = {isa = PBXFileReference; lastKnownFileType = sourcecode.swift; path = CameraView.swift; sourceTree = "<group>"; };
		1D01CEF5289CA119004ED83D /* CameraViewModel.swift */ = {isa = PBXFileReference; lastKnownFileType = sourcecode.swift; path = CameraViewModel.swift; sourceTree = "<group>"; };
		1D0BF32728A010810075768F /* ScenePauseCam.swift */ = {isa = PBXFileReference; lastKnownFileType = sourcecode.swift; path = ScenePauseCam.swift; sourceTree = "<group>"; };
		1D0BF32928A011CE0075768F /* CameraControlsView.swift */ = {isa = PBXFileReference; lastKnownFileType = sourcecode.swift; path = CameraControlsView.swift; sourceTree = "<group>"; };
		1D21662128A08B670044D24B /* if.swift */ = {isa = PBXFileReference; lastKnownFileType = sourcecode.swift; path = if.swift; sourceTree = "<group>"; };
		1D21662328A09A8F0044D24B /* Space.swift */ = {isa = PBXFileReference; lastKnownFileType = sourcecode.swift; path = Space.swift; sourceTree = "<group>"; };
		1D3735C2289C6AE20076EF38 /* Videq.app */ = {isa = PBXFileReference; explicitFileType = wrapper.application; includeInIndex = 0; path = Videq.app; sourceTree = BUILT_PRODUCTS_DIR; };
		1D3735C5289C6AE20076EF38 /* PCamApp.swift */ = {isa = PBXFileReference; lastKnownFileType = sourcecode.swift; path = PCamApp.swift; sourceTree = "<group>"; };
		1D3735C7289C6AE20076EF38 /* MainAppView.swift */ = {isa = PBXFileReference; lastKnownFileType = sourcecode.swift; path = MainAppView.swift; sourceTree = "<group>"; };
		1D3735C9289C6AE40076EF38 /* Assets.xcassets */ = {isa = PBXFileReference; lastKnownFileType = folder.assetcatalog; path = Assets.xcassets; sourceTree = "<group>"; };
		1D3735CC289C6AE40076EF38 /* Preview Assets.xcassets */ = {isa = PBXFileReference; lastKnownFileType = folder.assetcatalog; path = "Preview Assets.xcassets"; sourceTree = "<group>"; };
		1D3735D2289C6AE40076EF38 /* VideqTests.xctest */ = {isa = PBXFileReference; explicitFileType = wrapper.cfbundle; includeInIndex = 0; path = VideqTests.xctest; sourceTree = BUILT_PRODUCTS_DIR; };
		1D3735D6289C6AE40076EF38 /* PCamTests.swift */ = {isa = PBXFileReference; lastKnownFileType = sourcecode.swift; path = PCamTests.swift; sourceTree = "<group>"; };
		1D3735DC289C6AE40076EF38 /* VideqUITests.xctest */ = {isa = PBXFileReference; explicitFileType = wrapper.cfbundle; includeInIndex = 0; path = VideqUITests.xctest; sourceTree = BUILT_PRODUCTS_DIR; };
		1D3735E0289C6AE40076EF38 /* PCamUITests.swift */ = {isa = PBXFileReference; lastKnownFileType = sourcecode.swift; path = PCamUITests.swift; sourceTree = "<group>"; };
		1D3735E2289C6AE40076EF38 /* PCamUITestsLaunchTests.swift */ = {isa = PBXFileReference; lastKnownFileType = sourcecode.swift; path = PCamUITestsLaunchTests.swift; sourceTree = "<group>"; };
		1D61CCC9289D768300044AA2 /* BoundsSlider.swift */ = {isa = PBXFileReference; lastKnownFileType = sourcecode.swift; path = BoundsSlider.swift; sourceTree = "<group>"; };
		1D61CCCB289DE2EB00044AA2 /* PublishedExt.swift */ = {isa = PBXFileReference; lastKnownFileType = sourcecode.swift; path = PublishedExt.swift; sourceTree = "<group>"; };
		1D61CCCE289DE5D400044AA2 /* ColorExt.swift */ = {isa = PBXFileReference; lastKnownFileType = sourcecode.swift; path = ColorExt.swift; sourceTree = "<group>"; };
		1D61CCD0289DFA9E00044AA2 /* Controlls.swift */ = {isa = PBXFileReference; lastKnownFileType = sourcecode.swift; path = Controlls.swift; sourceTree = "<group>"; };
		1D61CCD2289DFDF900044AA2 /* VideoPreview.swift */ = {isa = PBXFileReference; lastKnownFileType = sourcecode.swift; path = VideoPreview.swift; sourceTree = "<group>"; };
		1D95CB6B289CBF5A000557E5 /* SceneTelepromterVideoCam.swift */ = {isa = PBXFileReference; lastKnownFileType = sourcecode.swift; path = SceneTelepromterVideoCam.swift; sourceTree = "<group>"; };
		1DA39BBF289F34790098C7BB /* ge */ = {isa = PBXFileReference; lastKnownFileType = text.plist.strings; name = ge; path = Localizable.strings; sourceTree = "<group>"; };
		1DA39BC3289F34EF0098C7BB /* it */ = {isa = PBXFileReference; lastKnownFileType = text.plist.strings; name = it; path = Localizable.strings; sourceTree = "<group>"; };
		1DA39BC7289F350C0098C7BB /* jp */ = {isa = PBXFileReference; lastKnownFileType = text.plist.strings; name = jp; path = Localizable.strings; sourceTree = "<group>"; };
		1DA39BCB289F358E0098C7BB /* pl */ = {isa = PBXFileReference; lastKnownFileType = text.plist.strings; name = pl; path = Localizable.strings; sourceTree = "<group>"; };
		1DA39BCF289F35B60098C7BB /* ua */ = {isa = PBXFileReference; lastKnownFileType = text.plist.strings; name = ua; path = Localizable.strings; sourceTree = "<group>"; };
		1DA39BD3289F36F10098C7BB /* ru */ = {isa = PBXFileReference; lastKnownFileType = text.plist.strings; name = ru; path = Localizable.strings; sourceTree = "<group>"; };
		1DA39BD7289F3E350098C7BB /* PopoverButt.swift */ = {isa = PBXFileReference; lastKnownFileType = sourcecode.swift; path = PopoverButt.swift; sourceTree = "<group>"; };
		1DA39BD9289F3E6A0098C7BB /* HelpButt.swift */ = {isa = PBXFileReference; lastKnownFileType = sourcecode.swift; path = HelpButt.swift; sourceTree = "<group>"; };
		1DA39BDB289F66CD0098C7BB /* HeaderBgLine.swift */ = {isa = PBXFileReference; lastKnownFileType = sourcecode.swift; path = HeaderBgLine.swift; sourceTree = "<group>"; };
		1DA39BDD289F875C0098C7BB /* VideoGridView.swift */ = {isa = PBXFileReference; lastKnownFileType = sourcecode.swift; path = VideoGridView.swift; sourceTree = "<group>"; };
		1DDC26B4289E576C0056ADED /* ToDo.swift */ = {isa = PBXFileReference; lastKnownFileType = sourcecode.swift; path = ToDo.swift; sourceTree = "<group>"; };
		1DDC26B9289EF0240056ADED /* MainMenuView.swift */ = {isa = PBXFileReference; lastKnownFileType = sourcecode.swift; path = MainMenuView.swift; sourceTree = "<group>"; };
		1DDC26BB289EF3130056ADED /* SceneTeleprompter.swift */ = {isa = PBXFileReference; lastKnownFileType = sourcecode.swift; path = SceneTeleprompter.swift; sourceTree = "<group>"; };
		1DDC26BD289EF4020056ADED /* TeleprompterSettingsView.swift */ = {isa = PBXFileReference; lastKnownFileType = sourcecode.swift; path = TeleprompterSettingsView.swift; sourceTree = "<group>"; };
		1DDC26C2289F15910056ADED /* fillParent.swift */ = {isa = PBXFileReference; lastKnownFileType = sourcecode.swift; path = fillParent.swift; sourceTree = "<group>"; };
		1DDC26C4289F24B30056ADED /* KeyboardHelper.swift */ = {isa = PBXFileReference; lastKnownFileType = sourcecode.swift; path = KeyboardHelper.swift; sourceTree = "<group>"; };
		1DDC26CC289F34350056ADED /* fr */ = {isa = PBXFileReference; lastKnownFileType = text.plist.strings; name = fr; path = Localizable.strings; sourceTree = "<group>"; };
		1DDD318C289E120B00FB4E22 /* TouchView.swift */ = {isa = PBXFileReference; lastKnownFileType = sourcecode.swift; path = TouchView.swift; sourceTree = "<group>"; };
		1DDD318F289E124900FB4E22 /* Configuration.swift */ = {isa = PBXFileReference; lastKnownFileType = sourcecode.swift; path = Configuration.swift; sourceTree = "<group>"; };
		1DDD3191289E12D600FB4E22 /* Visualiser.swift */ = {isa = PBXFileReference; lastKnownFileType = sourcecode.swift; path = Visualiser.swift; sourceTree = "<group>"; };
		1DDD3193289E131500FB4E22 /* UIWindow+Swizzle.swift */ = {isa = PBXFileReference; lastKnownFileType = sourcecode.swift; path = "UIWindow+Swizzle.swift"; sourceTree = "<group>"; };
		1DDD3196289E143800FB4E22 /* Globals.swift */ = {isa = PBXFileReference; lastKnownFileType = sourcecode.swift; path = Globals.swift; sourceTree = "<group>"; };
		1DDD319A289E14A800FB4E22 /* Teleprompter.swift */ = {isa = PBXFileReference; lastKnownFileType = sourcecode.swift; path = Teleprompter.swift; sourceTree = "<group>"; };
		1DDD319C289E14B900FB4E22 /* TeleprompterViewModel.swift */ = {isa = PBXFileReference; lastKnownFileType = sourcecode.swift; path = TeleprompterViewModel.swift; sourceTree = "<group>"; };
/* End PBXFileReference section */

/* Begin PBXFrameworksBuildPhase section */
		1D3735BF289C6AE20076EF38 /* Frameworks */ = {
			isa = PBXFrameworksBuildPhase;
			buildActionMask = 2147483647;
			files = (
				1D95CB71289D454B000557E5 /* Introspect in Frameworks */,
			);
			runOnlyForDeploymentPostprocessing = 0;
		};
		1D3735CF289C6AE40076EF38 /* Frameworks */ = {
			isa = PBXFrameworksBuildPhase;
			buildActionMask = 2147483647;
			files = (
			);
			runOnlyForDeploymentPostprocessing = 0;
		};
		1D3735D9289C6AE40076EF38 /* Frameworks */ = {
			isa = PBXFrameworksBuildPhase;
			buildActionMask = 2147483647;
			files = (
			);
			runOnlyForDeploymentPostprocessing = 0;
		};
/* End PBXFrameworksBuildPhase section */

/* Begin PBXGroup section */
		1D01CEF7289CBBE4004ED83D /* Camera */ = {
			isa = PBXGroup;
			children = (
				1D01CEF3289CA0E2004ED83D /* CameraView.swift */,
				1D01CEF5289CA119004ED83D /* CameraViewModel.swift */,
				1D0BF32928A011CE0075768F /* CameraControlsView.swift */,
			);
			path = Camera;
			sourceTree = "<group>";
		};
		1D3735B9289C6AE20076EF38 = {
			isa = PBXGroup;
			children = (
				1DDC26B4289E576C0056ADED /* ToDo.swift */,
				1D3735C5289C6AE20076EF38 /* PCamApp.swift */,
				1D61CCC8289D767300044AA2 /* MoreSwiftUI */,
				1D3735C4289C6AE20076EF38 /* Videq */,
				1DDC26C6289F33930056ADED /* Locals */,
				1D3735D5289C6AE40076EF38 /* VideqTests */,
				1D3735DF289C6AE40076EF38 /* VideqUITests */,
				1D3735C3289C6AE20076EF38 /* Products */,
				1D3735FB289C71800076EF38 /* Frameworks */,
			);
			sourceTree = "<group>";
		};
		1D3735C3289C6AE20076EF38 /* Products */ = {
			isa = PBXGroup;
			children = (
				1D3735C2289C6AE20076EF38 /* Videq.app */,
				1D3735D2289C6AE40076EF38 /* VideqTests.xctest */,
				1D3735DC289C6AE40076EF38 /* VideqUITests.xctest */,
			);
			name = Products;
			sourceTree = "<group>";
		};
		1D3735C4289C6AE20076EF38 /* Videq */ = {
			isa = PBXGroup;
			children = (
				1D3735C7289C6AE20076EF38 /* MainAppView.swift */,
				1DDC26B9289EF0240056ADED /* MainMenuView.swift */,
				1DDC26B6289EEF9C0056ADED /* AppScenes */,
				1D61CCD0289DFA9E00044AA2 /* Controlls.swift */,
				1DDD3195289E141D00FB4E22 /* Others */,
				1DDD3198289E147A00FB4E22 /* ImportantControlls */,
				1D3735C9289C6AE40076EF38 /* Assets.xcassets */,
				1D3735CB289C6AE40076EF38 /* Preview Content */,
			);
			path = Videq;
			sourceTree = "<group>";
		};
		1D3735CB289C6AE40076EF38 /* Preview Content */ = {
			isa = PBXGroup;
			children = (
				1D3735CC289C6AE40076EF38 /* Preview Assets.xcassets */,
			);
			path = "Preview Content";
			sourceTree = "<group>";
		};
		1D3735D5289C6AE40076EF38 /* VideqTests */ = {
			isa = PBXGroup;
			children = (
				1D3735D6289C6AE40076EF38 /* PCamTests.swift */,
			);
			path = VideqTests;
			sourceTree = "<group>";
		};
		1D3735DF289C6AE40076EF38 /* VideqUITests */ = {
			isa = PBXGroup;
			children = (
				1D3735E0289C6AE40076EF38 /* PCamUITests.swift */,
				1D3735E2289C6AE40076EF38 /* PCamUITestsLaunchTests.swift */,
			);
			path = VideqUITests;
			sourceTree = "<group>";
		};
		1D3735FB289C71800076EF38 /* Frameworks */ = {
			isa = PBXGroup;
			children = (
			);
			name = Frameworks;
			sourceTree = "<group>";
		};
		1D61CCC8289D767300044AA2 /* MoreSwiftUI */ = {
			isa = PBXGroup;
			children = (
				1DDC26BF289F0C2C0056ADED /* AppCoreClone */,
				1D61CCCD289DE5C800044AA2 /* Ext */,
				1D61CCC9289D768300044AA2 /* BoundsSlider.swift */,
				1DA39BD9289F3E6A0098C7BB /* HelpButt.swift */,
				1DA39BDB289F66CD0098C7BB /* HeaderBgLine.swift */,
				1DA39BDD289F875C0098C7BB /* VideoGridView.swift */,
			);
			path = MoreSwiftUI;
			sourceTree = "<group>";
		};
		1D61CCCD289DE5C800044AA2 /* Ext */ = {
			isa = PBXGroup;
			children = (
				1D61CCCB289DE2EB00044AA2 /* PublishedExt.swift */,
				1D61CCCE289DE5D400044AA2 /* ColorExt.swift */,
			);
			path = Ext;
			sourceTree = "<group>";
		};
		1DA39BBD289F34550098C7BB /* de.lproj */ = {
			isa = PBXGroup;
			children = (
				1DA39BBE289F34790098C7BB /* Localizable.strings */,
			);
			path = de.lproj;
			sourceTree = "<group>";
		};
		1DA39BC1289F34D40098C7BB /* it.lproj */ = {
			isa = PBXGroup;
			children = (
				1DA39BC2289F34EF0098C7BB /* Localizable.strings */,
			);
			path = it.lproj;
			sourceTree = "<group>";
		};
		1DA39BC5289F34FB0098C7BB /* ja.lproj */ = {
			isa = PBXGroup;
			children = (
				1DA39BC6289F350C0098C7BB /* Localizable.strings */,
			);
			path = ja.lproj;
			sourceTree = "<group>";
		};
		1DA39BC9289F35760098C7BB /* pl.lproj */ = {
			isa = PBXGroup;
			children = (
				1DA39BCA289F358E0098C7BB /* Localizable.strings */,
			);
			path = pl.lproj;
			sourceTree = "<group>";
		};
		1DA39BCD289F359A0098C7BB /* uk.lproj */ = {
			isa = PBXGroup;
			children = (
				1DA39BCE289F35B60098C7BB /* Localizable.strings */,
			);
			path = uk.lproj;
			sourceTree = "<group>";
		};
		1DA39BD1289F36D70098C7BB /* ru.lproj */ = {
			isa = PBXGroup;
			children = (
				1DA39BD2289F36F10098C7BB /* Localizable.strings */,
			);
			path = ru.lproj;
			sourceTree = "<group>";
		};
		1DDC26B6289EEF9C0056ADED /* AppScenes */ = {
			isa = PBXGroup;
			children = (
				1D0BF32728A010810075768F /* ScenePauseCam.swift */,
				1DDC26BB289EF3130056ADED /* SceneTeleprompter.swift */,
				1D95CB6B289CBF5A000557E5 /* SceneTelepromterVideoCam.swift */,
			);
			path = AppScenes;
			sourceTree = "<group>";
		};
		1DDC26BF289F0C2C0056ADED /* AppCoreClone */ = {
			isa = PBXGroup;
			children = (
				1DDC26C2289F15910056ADED /* fillParent.swift */,
				1DA39BD7289F3E350098C7BB /* PopoverButt.swift */,
				1D21662128A08B670044D24B /* if.swift */,
				1D21662328A09A8F0044D24B /* Space.swift */,
			);
			path = AppCoreClone;
			sourceTree = "<group>";
		};
		1DDC26C6289F33930056ADED /* Locals */ = {
			isa = PBXGroup;
			children = (
				1DA39BD1289F36D70098C7BB /* ru.lproj */,
				1DA39BCD289F359A0098C7BB /* uk.lproj */,
				1DA39BC9289F35760098C7BB /* pl.lproj */,
				1DA39BC5289F34FB0098C7BB /* ja.lproj */,
				1DA39BC1289F34D40098C7BB /* it.lproj */,
				1DA39BBD289F34550098C7BB /* de.lproj */,
				1DDC26CA289F34110056ADED /* fr.lproj */,
			);
			path = Locals;
			sourceTree = "<group>";
		};
		1DDC26CA289F34110056ADED /* fr.lproj */ = {
			isa = PBXGroup;
			children = (
				1DDC26CB289F34350056ADED /* Localizable.strings */,
			);
			path = fr.lproj;
			sourceTree = "<group>";
		};
		1DDD318E289E122500FB4E22 /* DisplayScreenTouches */ = {
			isa = PBXGroup;
			children = (
				1DDD318C289E120B00FB4E22 /* TouchView.swift */,
				1DDD318F289E124900FB4E22 /* Configuration.swift */,
				1DDD3191289E12D600FB4E22 /* Visualiser.swift */,
				1DDD3193289E131500FB4E22 /* UIWindow+Swizzle.swift */,
			);
			path = DisplayScreenTouches;
			sourceTree = "<group>";
		};
		1DDD3195289E141D00FB4E22 /* Others */ = {
			isa = PBXGroup;
			children = (
				1DDD318E289E122500FB4E22 /* DisplayScreenTouches */,
				1DDD3196289E143800FB4E22 /* Globals.swift */,
			);
			path = Others;
			sourceTree = "<group>";
		};
		1DDD3198289E147A00FB4E22 /* ImportantControlls */ = {
			isa = PBXGroup;
			children = (
				1D61CCD2289DFDF900044AA2 /* VideoPreview.swift */,
				1DDD3199289E148B00FB4E22 /* Teleprompter */,
				1D01CEF7289CBBE4004ED83D /* Camera */,
			);
			path = ImportantControlls;
			sourceTree = "<group>";
		};
		1DDD3199289E148B00FB4E22 /* Teleprompter */ = {
			isa = PBXGroup;
			children = (
				1DDC26C4289F24B30056ADED /* KeyboardHelper.swift */,
				1DDD319A289E14A800FB4E22 /* Teleprompter.swift */,
				1DDD319C289E14B900FB4E22 /* TeleprompterViewModel.swift */,
				1DDC26BD289EF4020056ADED /* TeleprompterSettingsView.swift */,
			);
			path = Teleprompter;
			sourceTree = "<group>";
		};
/* End PBXGroup section */

/* Begin PBXNativeTarget section */
		1D3735C1289C6AE20076EF38 /* Videq */ = {
			isa = PBXNativeTarget;
			buildConfigurationList = 1D3735E6289C6AE40076EF38 /* Build configuration list for PBXNativeTarget "Videq" */;
			buildPhases = (
				1D3735BE289C6AE20076EF38 /* Sources */,
				1D3735BF289C6AE20076EF38 /* Frameworks */,
				1D3735C0289C6AE20076EF38 /* Resources */,
				1D3735FF289C71810076EF38 /* Embed Frameworks */,
			);
			buildRules = (
			);
			dependencies = (
			);
			name = Videq;
			packageProductDependencies = (
				1D95CB70289D454B000557E5 /* Introspect */,
			);
			productName = PCam;
			productReference = 1D3735C2289C6AE20076EF38 /* Videq.app */;
			productType = "com.apple.product-type.application";
		};
		1D3735D1289C6AE40076EF38 /* VideqTests */ = {
			isa = PBXNativeTarget;
			buildConfigurationList = 1D3735E9289C6AE40076EF38 /* Build configuration list for PBXNativeTarget "VideqTests" */;
			buildPhases = (
				1D3735CE289C6AE40076EF38 /* Sources */,
				1D3735CF289C6AE40076EF38 /* Frameworks */,
				1D3735D0289C6AE40076EF38 /* Resources */,
			);
			buildRules = (
			);
			dependencies = (
				1D3735D4289C6AE40076EF38 /* PBXTargetDependency */,
			);
			name = VideqTests;
			productName = PCamTests;
			productReference = 1D3735D2289C6AE40076EF38 /* VideqTests.xctest */;
			productType = "com.apple.product-type.bundle.unit-test";
		};
		1D3735DB289C6AE40076EF38 /* VideqUITests */ = {
			isa = PBXNativeTarget;
			buildConfigurationList = 1D3735EC289C6AE40076EF38 /* Build configuration list for PBXNativeTarget "VideqUITests" */;
			buildPhases = (
				1D3735D8289C6AE40076EF38 /* Sources */,
				1D3735D9289C6AE40076EF38 /* Frameworks */,
				1D3735DA289C6AE40076EF38 /* Resources */,
			);
			buildRules = (
			);
			dependencies = (
				1D3735DE289C6AE40076EF38 /* PBXTargetDependency */,
			);
			name = VideqUITests;
			productName = PCamUITests;
			productReference = 1D3735DC289C6AE40076EF38 /* VideqUITests.xctest */;
			productType = "com.apple.product-type.bundle.ui-testing";
		};
/* End PBXNativeTarget section */

/* Begin PBXProject section */
		1D3735BA289C6AE20076EF38 /* Project object */ = {
			isa = PBXProject;
			attributes = {
				BuildIndependentTargetsInParallel = 1;
				KnownAssetTags = (
					New,
				);
				LastSwiftUpdateCheck = 1330;
				LastUpgradeCheck = 1330;
				TargetAttributes = {
					1D3735C1289C6AE20076EF38 = {
						CreatedOnToolsVersion = 13.3;
					};
					1D3735D1289C6AE40076EF38 = {
						CreatedOnToolsVersion = 13.3;
						TestTargetID = 1D3735C1289C6AE20076EF38;
					};
					1D3735DB289C6AE40076EF38 = {
						CreatedOnToolsVersion = 13.3;
						TestTargetID = 1D3735C1289C6AE20076EF38;
					};
				};
			};
			buildConfigurationList = 1D3735BD289C6AE20076EF38 /* Build configuration list for PBXProject "Videq" */;
			compatibilityVersion = "Xcode 13.0";
			developmentRegion = en;
			hasScannedForEncodings = 0;
			knownRegions = (
				en,
				Base,
				uk,
				pl,
				fr,
				de,
				ja,
				it,
				ru,
			);
			mainGroup = 1D3735B9289C6AE20076EF38;
			packageReferences = (
				1D95CB6F289D454B000557E5 /* XCRemoteSwiftPackageReference "SwiftUI-Introspect" */,
			);
			productRefGroup = 1D3735C3289C6AE20076EF38 /* Products */;
			projectDirPath = "";
			projectRoot = "";
			targets = (
				1D3735C1289C6AE20076EF38 /* Videq */,
				1D3735D1289C6AE40076EF38 /* VideqTests */,
				1D3735DB289C6AE40076EF38 /* VideqUITests */,
			);
		};
/* End PBXProject section */

/* Begin PBXResourcesBuildPhase section */
		1D3735C0289C6AE20076EF38 /* Resources */ = {
			isa = PBXResourcesBuildPhase;
			buildActionMask = 2147483647;
			files = (
				1DA39BC4289F34EF0098C7BB /* Localizable.strings in Resources */,
				1DA39BC8289F350C0098C7BB /* Localizable.strings in Resources */,
				1D3735CD289C6AE40076EF38 /* Preview Assets.xcassets in Resources */,
				1DA39BCC289F358E0098C7BB /* Localizable.strings in Resources */,
				1DA39BD4289F36F10098C7BB /* Localizable.strings in Resources */,
				1DA39BC0289F34790098C7BB /* Localizable.strings in Resources */,
				1DDC26CD289F34350056ADED /* Localizable.strings in Resources */,
				1DA39BD0289F35B60098C7BB /* Localizable.strings in Resources */,
				1D3735CA289C6AE40076EF38 /* Assets.xcassets in Resources */,
			);
			runOnlyForDeploymentPostprocessing = 0;
		};
		1D3735D0289C6AE40076EF38 /* Resources */ = {
			isa = PBXResourcesBuildPhase;
			buildActionMask = 2147483647;
			files = (
			);
			runOnlyForDeploymentPostprocessing = 0;
		};
		1D3735DA289C6AE40076EF38 /* Resources */ = {
			isa = PBXResourcesBuildPhase;
			buildActionMask = 2147483647;
			files = (
			);
			runOnlyForDeploymentPostprocessing = 0;
		};
/* End PBXResourcesBuildPhase section */

/* Begin PBXSourcesBuildPhase section */
		1D3735BE289C6AE20076EF38 /* Sources */ = {
			isa = PBXSourcesBuildPhase;
			buildActionMask = 2147483647;
			files = (
				1DDC26C5289F24B30056ADED /* KeyboardHelper.swift in Sources */,
				1DDD319B289E14A800FB4E22 /* Teleprompter.swift in Sources */,
				1D61CCD3289DFDF900044AA2 /* VideoPreview.swift in Sources */,
				1D61CCD1289DFA9E00044AA2 /* Controlls.swift in Sources */,
				1D21662428A09A8F0044D24B /* Space.swift in Sources */,
				1D01CEF4289CA0E2004ED83D /* CameraView.swift in Sources */,
				1D61CCCF289DE5D400044AA2 /* ColorExt.swift in Sources */,
				1D01CEF6289CA119004ED83D /* CameraViewModel.swift in Sources */,
				1DA39BDE289F875C0098C7BB /* VideoGridView.swift in Sources */,
				1DDD318D289E120B00FB4E22 /* TouchView.swift in Sources */,
				1DDD3190289E124900FB4E22 /* Configuration.swift in Sources */,
				1D61CCCC289DE2EB00044AA2 /* PublishedExt.swift in Sources */,
				1DDC26BA289EF0240056ADED /* MainMenuView.swift in Sources */,
				1DDC26B5289E576C0056ADED /* ToDo.swift in Sources */,
				1DDC26C3289F15910056ADED /* fillParent.swift in Sources */,
				1DA39BDC289F66CD0098C7BB /* HeaderBgLine.swift in Sources */,
				1DDD3197289E143800FB4E22 /* Globals.swift in Sources */,
				1D0BF32828A010810075768F /* ScenePauseCam.swift in Sources */,
				1DDD3194289E131500FB4E22 /* UIWindow+Swizzle.swift in Sources */,
				1DDD319D289E14B900FB4E22 /* TeleprompterViewModel.swift in Sources */,
				1D0BF32A28A011CE0075768F /* CameraControlsView.swift in Sources */,
				1DA39BDA289F3E6A0098C7BB /* HelpButt.swift in Sources */,
				1DDC26BC289EF3130056ADED /* SceneTeleprompter.swift in Sources */,
				1D21662228A08B670044D24B /* if.swift in Sources */,
				1DDC26BE289EF4020056ADED /* TeleprompterSettingsView.swift in Sources */,
				1DDD3192289E12D600FB4E22 /* Visualiser.swift in Sources */,
				1D61CCCA289D768300044AA2 /* BoundsSlider.swift in Sources */,
				1D95CB6C289CBF5A000557E5 /* SceneTelepromterVideoCam.swift in Sources */,
				1DA39BD8289F3E350098C7BB /* PopoverButt.swift in Sources */,
				1D3735C8289C6AE20076EF38 /* MainAppView.swift in Sources */,
				1D3735C6289C6AE20076EF38 /* PCamApp.swift in Sources */,
			);
			runOnlyForDeploymentPostprocessing = 0;
		};
		1D3735CE289C6AE40076EF38 /* Sources */ = {
			isa = PBXSourcesBuildPhase;
			buildActionMask = 2147483647;
			files = (
				1D3735D7289C6AE40076EF38 /* PCamTests.swift in Sources */,
			);
			runOnlyForDeploymentPostprocessing = 0;
		};
		1D3735D8289C6AE40076EF38 /* Sources */ = {
			isa = PBXSourcesBuildPhase;
			buildActionMask = 2147483647;
			files = (
				1D3735E1289C6AE40076EF38 /* PCamUITests.swift in Sources */,
				1D3735E3289C6AE40076EF38 /* PCamUITestsLaunchTests.swift in Sources */,
			);
			runOnlyForDeploymentPostprocessing = 0;
		};
/* End PBXSourcesBuildPhase section */

/* Begin PBXTargetDependency section */
		1D3735D4289C6AE40076EF38 /* PBXTargetDependency */ = {
			isa = PBXTargetDependency;
			target = 1D3735C1289C6AE20076EF38 /* Videq */;
			targetProxy = 1D3735D3289C6AE40076EF38 /* PBXContainerItemProxy */;
		};
		1D3735DE289C6AE40076EF38 /* PBXTargetDependency */ = {
			isa = PBXTargetDependency;
			target = 1D3735C1289C6AE20076EF38 /* Videq */;
			targetProxy = 1D3735DD289C6AE40076EF38 /* PBXContainerItemProxy */;
		};
/* End PBXTargetDependency section */

/* Begin PBXVariantGroup section */
		1DA39BBE289F34790098C7BB /* Localizable.strings */ = {
			isa = PBXVariantGroup;
			children = (
				1DA39BBF289F34790098C7BB /* ge */,
			);
			name = Localizable.strings;
			sourceTree = "<group>";
		};
		1DA39BC2289F34EF0098C7BB /* Localizable.strings */ = {
			isa = PBXVariantGroup;
			children = (
				1DA39BC3289F34EF0098C7BB /* it */,
			);
			name = Localizable.strings;
			sourceTree = "<group>";
		};
		1DA39BC6289F350C0098C7BB /* Localizable.strings */ = {
			isa = PBXVariantGroup;
			children = (
				1DA39BC7289F350C0098C7BB /* jp */,
			);
			name = Localizable.strings;
			sourceTree = "<group>";
		};
		1DA39BCA289F358E0098C7BB /* Localizable.strings */ = {
			isa = PBXVariantGroup;
			children = (
				1DA39BCB289F358E0098C7BB /* pl */,
			);
			name = Localizable.strings;
			sourceTree = "<group>";
		};
		1DA39BCE289F35B60098C7BB /* Localizable.strings */ = {
			isa = PBXVariantGroup;
			children = (
				1DA39BCF289F35B60098C7BB /* ua */,
			);
			name = Localizable.strings;
			sourceTree = "<group>";
		};
		1DA39BD2289F36F10098C7BB /* Localizable.strings */ = {
			isa = PBXVariantGroup;
			children = (
				1DA39BD3289F36F10098C7BB /* ru */,
			);
			name = Localizable.strings;
			sourceTree = "<group>";
		};
		1DDC26CB289F34350056ADED /* Localizable.strings */ = {
			isa = PBXVariantGroup;
			children = (
				1DDC26CC289F34350056ADED /* fr */,
			);
			name = Localizable.strings;
			sourceTree = "<group>";
		};
/* End PBXVariantGroup section */

/* Begin XCBuildConfiguration section */
		1D3735E4289C6AE40076EF38 /* Debug */ = {
			isa = XCBuildConfiguration;
			buildSettings = {
				ALWAYS_SEARCH_USER_PATHS = NO;
				CLANG_ANALYZER_NONNULL = YES;
				CLANG_ANALYZER_NUMBER_OBJECT_CONVERSION = YES_AGGRESSIVE;
				CLANG_CXX_LANGUAGE_STANDARD = "gnu++17";
				CLANG_ENABLE_MODULES = YES;
				CLANG_ENABLE_OBJC_ARC = YES;
				CLANG_ENABLE_OBJC_WEAK = YES;
				CLANG_WARN_BLOCK_CAPTURE_AUTORELEASING = YES;
				CLANG_WARN_BOOL_CONVERSION = YES;
				CLANG_WARN_COMMA = YES;
				CLANG_WARN_CONSTANT_CONVERSION = YES;
				CLANG_WARN_DEPRECATED_OBJC_IMPLEMENTATIONS = YES;
				CLANG_WARN_DIRECT_OBJC_ISA_USAGE = YES_ERROR;
				CLANG_WARN_DOCUMENTATION_COMMENTS = YES;
				CLANG_WARN_EMPTY_BODY = YES;
				CLANG_WARN_ENUM_CONVERSION = YES;
				CLANG_WARN_INFINITE_RECURSION = YES;
				CLANG_WARN_INT_CONVERSION = YES;
				CLANG_WARN_NON_LITERAL_NULL_CONVERSION = YES;
				CLANG_WARN_OBJC_IMPLICIT_RETAIN_SELF = YES;
				CLANG_WARN_OBJC_LITERAL_CONVERSION = YES;
				CLANG_WARN_OBJC_ROOT_CLASS = YES_ERROR;
				CLANG_WARN_QUOTED_INCLUDE_IN_FRAMEWORK_HEADER = YES;
				CLANG_WARN_RANGE_LOOP_ANALYSIS = YES;
				CLANG_WARN_STRICT_PROTOTYPES = YES;
				CLANG_WARN_SUSPICIOUS_MOVE = YES;
				CLANG_WARN_UNGUARDED_AVAILABILITY = YES_AGGRESSIVE;
				CLANG_WARN_UNREACHABLE_CODE = YES;
				CLANG_WARN__DUPLICATE_METHOD_MATCH = YES;
				COPY_PHASE_STRIP = NO;
				DEBUG_INFORMATION_FORMAT = dwarf;
				ENABLE_STRICT_OBJC_MSGSEND = YES;
				ENABLE_TESTABILITY = YES;
				GCC_C_LANGUAGE_STANDARD = gnu11;
				GCC_DYNAMIC_NO_PIC = NO;
				GCC_NO_COMMON_BLOCKS = YES;
				GCC_OPTIMIZATION_LEVEL = 0;
				GCC_PREPROCESSOR_DEFINITIONS = (
					"DEBUG=1",
					"$(inherited)",
				);
				GCC_WARN_64_TO_32_BIT_CONVERSION = YES;
				GCC_WARN_ABOUT_RETURN_TYPE = YES_ERROR;
				GCC_WARN_UNDECLARED_SELECTOR = YES;
				GCC_WARN_UNINITIALIZED_AUTOS = YES_AGGRESSIVE;
				GCC_WARN_UNUSED_FUNCTION = YES;
				GCC_WARN_UNUSED_VARIABLE = YES;
				IPHONEOS_DEPLOYMENT_TARGET = 15.4;
				MTL_ENABLE_DEBUG_INFO = INCLUDE_SOURCE;
				MTL_FAST_MATH = YES;
				ONLY_ACTIVE_ARCH = YES;
				SDKROOT = iphoneos;
				SWIFT_ACTIVE_COMPILATION_CONDITIONS = DEBUG;
				SWIFT_OPTIMIZATION_LEVEL = "-Onone";
			};
			name = Debug;
		};
		1D3735E5289C6AE40076EF38 /* Release */ = {
			isa = XCBuildConfiguration;
			buildSettings = {
				ALWAYS_SEARCH_USER_PATHS = NO;
				CLANG_ANALYZER_NONNULL = YES;
				CLANG_ANALYZER_NUMBER_OBJECT_CONVERSION = YES_AGGRESSIVE;
				CLANG_CXX_LANGUAGE_STANDARD = "gnu++17";
				CLANG_ENABLE_MODULES = YES;
				CLANG_ENABLE_OBJC_ARC = YES;
				CLANG_ENABLE_OBJC_WEAK = YES;
				CLANG_WARN_BLOCK_CAPTURE_AUTORELEASING = YES;
				CLANG_WARN_BOOL_CONVERSION = YES;
				CLANG_WARN_COMMA = YES;
				CLANG_WARN_CONSTANT_CONVERSION = YES;
				CLANG_WARN_DEPRECATED_OBJC_IMPLEMENTATIONS = YES;
				CLANG_WARN_DIRECT_OBJC_ISA_USAGE = YES_ERROR;
				CLANG_WARN_DOCUMENTATION_COMMENTS = YES;
				CLANG_WARN_EMPTY_BODY = YES;
				CLANG_WARN_ENUM_CONVERSION = YES;
				CLANG_WARN_INFINITE_RECURSION = YES;
				CLANG_WARN_INT_CONVERSION = YES;
				CLANG_WARN_NON_LITERAL_NULL_CONVERSION = YES;
				CLANG_WARN_OBJC_IMPLICIT_RETAIN_SELF = YES;
				CLANG_WARN_OBJC_LITERAL_CONVERSION = YES;
				CLANG_WARN_OBJC_ROOT_CLASS = YES_ERROR;
				CLANG_WARN_QUOTED_INCLUDE_IN_FRAMEWORK_HEADER = YES;
				CLANG_WARN_RANGE_LOOP_ANALYSIS = YES;
				CLANG_WARN_STRICT_PROTOTYPES = YES;
				CLANG_WARN_SUSPICIOUS_MOVE = YES;
				CLANG_WARN_UNGUARDED_AVAILABILITY = YES_AGGRESSIVE;
				CLANG_WARN_UNREACHABLE_CODE = YES;
				CLANG_WARN__DUPLICATE_METHOD_MATCH = YES;
				COPY_PHASE_STRIP = NO;
				DEBUG_INFORMATION_FORMAT = "dwarf-with-dsym";
				ENABLE_NS_ASSERTIONS = NO;
				ENABLE_STRICT_OBJC_MSGSEND = YES;
				GCC_C_LANGUAGE_STANDARD = gnu11;
				GCC_NO_COMMON_BLOCKS = YES;
				GCC_WARN_64_TO_32_BIT_CONVERSION = YES;
				GCC_WARN_ABOUT_RETURN_TYPE = YES_ERROR;
				GCC_WARN_UNDECLARED_SELECTOR = YES;
				GCC_WARN_UNINITIALIZED_AUTOS = YES_AGGRESSIVE;
				GCC_WARN_UNUSED_FUNCTION = YES;
				GCC_WARN_UNUSED_VARIABLE = YES;
				IPHONEOS_DEPLOYMENT_TARGET = 15.4;
				MTL_ENABLE_DEBUG_INFO = NO;
				MTL_FAST_MATH = YES;
				SDKROOT = iphoneos;
				SWIFT_COMPILATION_MODE = wholemodule;
				SWIFT_OPTIMIZATION_LEVEL = "-O";
				VALIDATE_PRODUCT = YES;
			};
			name = Release;
		};
		1D3735E7289C6AE40076EF38 /* Debug */ = {
			isa = XCBuildConfiguration;
			buildSettings = {
				ASSETCATALOG_COMPILER_APPICON_NAME = AppIcon;
				ASSETCATALOG_COMPILER_GLOBAL_ACCENT_COLOR_NAME = AccentColor;
				CODE_SIGN_STYLE = Automatic;
				CURRENT_PROJECT_VERSION = 1;
				DEVELOPMENT_ASSET_PATHS = "\"Videq/Preview Content\"";
				DEVELOPMENT_TEAM = RPH4S2457V;
				ENABLE_PREVIEWS = YES;
				GENERATE_INFOPLIST_FILE = YES;
				INFOPLIST_KEY_LSApplicationCategoryType = "";
				INFOPLIST_KEY_NSAppleMusicUsageDescription = "";
				INFOPLIST_KEY_NSCameraUsageDescription = "";
				INFOPLIST_KEY_NSMicrophoneUsageDescription = "";
				INFOPLIST_KEY_NSPhotoLibraryUsageDescription = "";
				INFOPLIST_KEY_UIApplicationSceneManifest_Generation = YES;
				INFOPLIST_KEY_UIApplicationSupportsIndirectInputEvents = YES;
				INFOPLIST_KEY_UILaunchScreen_Generation = YES;
				INFOPLIST_KEY_UISupportedInterfaceOrientations_iPad = "UIInterfaceOrientationPortrait UIInterfaceOrientationPortraitUpsideDown UIInterfaceOrientationLandscapeLeft UIInterfaceOrientationLandscapeRight";
				INFOPLIST_KEY_UISupportedInterfaceOrientations_iPhone = "UIInterfaceOrientationPortrait UIInterfaceOrientationLandscapeLeft UIInterfaceOrientationLandscapeRight";
				LD_RUNPATH_SEARCH_PATHS = (
					"$(inherited)",
					"@executable_path/Frameworks",
				);
				MARKETING_VERSION = 1.0;
				PRODUCT_BUNDLE_IDENTIFIER = com.chekaZuja.Videq;
				PRODUCT_NAME = Videq;
				SWIFT_EMIT_LOC_STRINGS = YES;
				SWIFT_VERSION = 5.0;
				TARGETED_DEVICE_FAMILY = "1,2";
			};
			name = Debug;
		};
		1D3735E8289C6AE40076EF38 /* Release */ = {
			isa = XCBuildConfiguration;
			buildSettings = {
				ASSETCATALOG_COMPILER_APPICON_NAME = AppIcon;
				ASSETCATALOG_COMPILER_GLOBAL_ACCENT_COLOR_NAME = AccentColor;
				CODE_SIGN_STYLE = Automatic;
				CURRENT_PROJECT_VERSION = 1;
				DEVELOPMENT_ASSET_PATHS = "\"Videq/Preview Content\"";
				DEVELOPMENT_TEAM = RPH4S2457V;
				ENABLE_PREVIEWS = YES;
				GENERATE_INFOPLIST_FILE = YES;
				INFOPLIST_KEY_LSApplicationCategoryType = "";
				INFOPLIST_KEY_NSAppleMusicUsageDescription = "";
				INFOPLIST_KEY_NSCameraUsageDescription = "";
				INFOPLIST_KEY_NSMicrophoneUsageDescription = "";
				INFOPLIST_KEY_NSPhotoLibraryUsageDescription = "";
				INFOPLIST_KEY_UIApplicationSceneManifest_Generation = YES;
				INFOPLIST_KEY_UIApplicationSupportsIndirectInputEvents = YES;
				INFOPLIST_KEY_UILaunchScreen_Generation = YES;
				INFOPLIST_KEY_UISupportedInterfaceOrientations_iPad = "UIInterfaceOrientationPortrait UIInterfaceOrientationPortraitUpsideDown UIInterfaceOrientationLandscapeLeft UIInterfaceOrientationLandscapeRight";
				INFOPLIST_KEY_UISupportedInterfaceOrientations_iPhone = "UIInterfaceOrientationPortrait UIInterfaceOrientationLandscapeLeft UIInterfaceOrientationLandscapeRight";
				LD_RUNPATH_SEARCH_PATHS = (
					"$(inherited)",
					"@executable_path/Frameworks",
				);
				MARKETING_VERSION = 1.0;
				PRODUCT_BUNDLE_IDENTIFIER = com.chekaZuja.Videq;
				PRODUCT_NAME = Videq;
				SWIFT_EMIT_LOC_STRINGS = YES;
				SWIFT_VERSION = 5.0;
				TARGETED_DEVICE_FAMILY = "1,2";
			};
			name = Release;
		};
		1D3735EA289C6AE40076EF38 /* Debug */ = {
			isa = XCBuildConfiguration;
			buildSettings = {
				ALWAYS_EMBED_SWIFT_STANDARD_LIBRARIES = YES;
				BUNDLE_LOADER = "$(TEST_HOST)";
				CODE_SIGN_STYLE = Automatic;
				CURRENT_PROJECT_VERSION = 1;
				GENERATE_INFOPLIST_FILE = YES;
				IPHONEOS_DEPLOYMENT_TARGET = 15.4;
				MARKETING_VERSION = 1.0;
				PRODUCT_BUNDLE_IDENTIFIER = com.chekaZuja.pcam1.PCamTests;
				PRODUCT_NAME = "$(TARGET_NAME)";
				SWIFT_EMIT_LOC_STRINGS = NO;
				SWIFT_VERSION = 5.0;
				TARGETED_DEVICE_FAMILY = "1,2";
				TEST_HOST = "$(BUILT_PRODUCTS_DIR)/PCam.app/PCam";
			};
			name = Debug;
		};
		1D3735EB289C6AE40076EF38 /* Release */ = {
			isa = XCBuildConfiguration;
			buildSettings = {
				ALWAYS_EMBED_SWIFT_STANDARD_LIBRARIES = YES;
				BUNDLE_LOADER = "$(TEST_HOST)";
				CODE_SIGN_STYLE = Automatic;
				CURRENT_PROJECT_VERSION = 1;
				GENERATE_INFOPLIST_FILE = YES;
				IPHONEOS_DEPLOYMENT_TARGET = 15.4;
				MARKETING_VERSION = 1.0;
				PRODUCT_BUNDLE_IDENTIFIER = com.chekaZuja.pcam1.PCamTests;
				PRODUCT_NAME = "$(TARGET_NAME)";
				SWIFT_EMIT_LOC_STRINGS = NO;
				SWIFT_VERSION = 5.0;
				TARGETED_DEVICE_FAMILY = "1,2";
				TEST_HOST = "$(BUILT_PRODUCTS_DIR)/PCam.app/PCam";
			};
			name = Release;
		};
		1D3735ED289C6AE40076EF38 /* Debug */ = {
			isa = XCBuildConfiguration;
			buildSettings = {
				ALWAYS_EMBED_SWIFT_STANDARD_LIBRARIES = YES;
				CODE_SIGN_STYLE = Automatic;
				CURRENT_PROJECT_VERSION = 1;
				GENERATE_INFOPLIST_FILE = YES;
				MARKETING_VERSION = 1.0;
				PRODUCT_BUNDLE_IDENTIFIER = com.chekaZuja.pcam1.PCamUITests;
				PRODUCT_NAME = "$(TARGET_NAME)";
				SWIFT_EMIT_LOC_STRINGS = NO;
				SWIFT_VERSION = 5.0;
				TARGETED_DEVICE_FAMILY = "1,2";
				TEST_TARGET_NAME = PCam;
			};
			name = Debug;
		};
		1D3735EE289C6AE40076EF38 /* Release */ = {
			isa = XCBuildConfiguration;
			buildSettings = {
				ALWAYS_EMBED_SWIFT_STANDARD_LIBRARIES = YES;
				CODE_SIGN_STYLE = Automatic;
				CURRENT_PROJECT_VERSION = 1;
				GENERATE_INFOPLIST_FILE = YES;
				MARKETING_VERSION = 1.0;
				PRODUCT_BUNDLE_IDENTIFIER = com.chekaZuja.pcam1.PCamUITests;
				PRODUCT_NAME = "$(TARGET_NAME)";
				SWIFT_EMIT_LOC_STRINGS = NO;
				SWIFT_VERSION = 5.0;
				TARGETED_DEVICE_FAMILY = "1,2";
				TEST_TARGET_NAME = PCam;
			};
			name = Release;
		};
/* End XCBuildConfiguration section */

/* Begin XCConfigurationList section */
		1D3735BD289C6AE20076EF38 /* Build configuration list for PBXProject "Videq" */ = {
			isa = XCConfigurationList;
			buildConfigurations = (
				1D3735E4289C6AE40076EF38 /* Debug */,
				1D3735E5289C6AE40076EF38 /* Release */,
			);
			defaultConfigurationIsVisible = 0;
			defaultConfigurationName = Release;
		};
		1D3735E6289C6AE40076EF38 /* Build configuration list for PBXNativeTarget "Videq" */ = {
			isa = XCConfigurationList;
			buildConfigurations = (
				1D3735E7289C6AE40076EF38 /* Debug */,
				1D3735E8289C6AE40076EF38 /* Release */,
			);
			defaultConfigurationIsVisible = 0;
			defaultConfigurationName = Release;
		};
		1D3735E9289C6AE40076EF38 /* Build configuration list for PBXNativeTarget "VideqTests" */ = {
			isa = XCConfigurationList;
			buildConfigurations = (
				1D3735EA289C6AE40076EF38 /* Debug */,
				1D3735EB289C6AE40076EF38 /* Release */,
			);
			defaultConfigurationIsVisible = 0;
			defaultConfigurationName = Release;
		};
		1D3735EC289C6AE40076EF38 /* Build configuration list for PBXNativeTarget "VideqUITests" */ = {
			isa = XCConfigurationList;
			buildConfigurations = (
				1D3735ED289C6AE40076EF38 /* Debug */,
				1D3735EE289C6AE40076EF38 /* Release */,
			);
			defaultConfigurationIsVisible = 0;
			defaultConfigurationName = Release;
		};
/* End XCConfigurationList section */

/* Begin XCRemoteSwiftPackageReference section */
		1D95CB6F289D454B000557E5 /* XCRemoteSwiftPackageReference "SwiftUI-Introspect" */ = {
			isa = XCRemoteSwiftPackageReference;
			repositoryURL = "git@github.com:siteline/SwiftUI-Introspect.git";
			requirement = {
				branch = master;
				kind = branch;
			};
		};
/* End XCRemoteSwiftPackageReference section */

/* Begin XCSwiftPackageProductDependency section */
		1D95CB70289D454B000557E5 /* Introspect */ = {
			isa = XCSwiftPackageProductDependency;
			package = 1D95CB6F289D454B000557E5 /* XCRemoteSwiftPackageReference "SwiftUI-Introspect" */;
			productName = Introspect;
		};
/* End XCSwiftPackageProductDependency section */
	};
	rootObject = 1D3735BA289C6AE20076EF38 /* Project object */;
}
